// !$*UTF8*$!
{
	archiveVersion = 1;
	classes = {
	};
	objectVersion = 50;
	objects = {

/* Begin PBXBuildFile section */
		8B611DCA217545AA0067B4E5 /* Extensions.swift in Sources */ = {isa = PBXBuildFile; fileRef = 8B611DC9217545A90067B4E5 /* Extensions.swift */; };
		8B7051DD216E5C5300EF4AD6 /* LocationVC.swift in Sources */ = {isa = PBXBuildFile; fileRef = 8B7051DC216E5C5300EF4AD6 /* LocationVC.swift */; };
		8B7051DF216E604500EF4AD6 /* CurrentRunVC.swift in Sources */ = {isa = PBXBuildFile; fileRef = 8B7051DE216E604500EF4AD6 /* CurrentRunVC.swift */; };
		8B803BC521669E40008DE8DA /* AppDelegate.swift in Sources */ = {isa = PBXBuildFile; fileRef = 8B803BC421669E40008DE8DA /* AppDelegate.swift */; };
		8B803BC721669E40008DE8DA /* BeginRunVC.swift in Sources */ = {isa = PBXBuildFile; fileRef = 8B803BC621669E40008DE8DA /* BeginRunVC.swift */; };
		8B803BC921669E40008DE8DA /* RunLogVC.swift in Sources */ = {isa = PBXBuildFile; fileRef = 8B803BC821669E40008DE8DA /* RunLogVC.swift */; };
		8B803BCC21669E40008DE8DA /* Main.storyboard in Resources */ = {isa = PBXBuildFile; fileRef = 8B803BCA21669E40008DE8DA /* Main.storyboard */; };
		8B803BCE21669E41008DE8DA /* Assets.xcassets in Resources */ = {isa = PBXBuildFile; fileRef = 8B803BCD21669E41008DE8DA /* Assets.xcassets */; };
		8B803BD121669E41008DE8DA /* LaunchScreen.storyboard in Resources */ = {isa = PBXBuildFile; fileRef = 8B803BCF21669E41008DE8DA /* LaunchScreen.storyboard */; };
/* End PBXBuildFile section */

/* Begin PBXFileReference section */
		8B611DC9217545A90067B4E5 /* Extensions.swift */ = {isa = PBXFileReference; lastKnownFileType = sourcecode.swift; path = Extensions.swift; sourceTree = "<group>"; };
		8B7051DC216E5C5300EF4AD6 /* LocationVC.swift */ = {isa = PBXFileReference; lastKnownFileType = sourcecode.swift; path = LocationVC.swift; sourceTree = "<group>"; };
		8B7051DE216E604500EF4AD6 /* CurrentRunVC.swift */ = {isa = PBXFileReference; lastKnownFileType = sourcecode.swift; path = CurrentRunVC.swift; sourceTree = "<group>"; };
		8B803BC121669E40008DE8DA /* treads.app */ = {isa = PBXFileReference; explicitFileType = wrapper.application; includeInIndex = 0; path = treads.app; sourceTree = BUILT_PRODUCTS_DIR; };
		8B803BC421669E40008DE8DA /* AppDelegate.swift */ = {isa = PBXFileReference; lastKnownFileType = sourcecode.swift; path = AppDelegate.swift; sourceTree = "<group>"; };
		8B803BC621669E40008DE8DA /* BeginRunVC.swift */ = {isa = PBXFileReference; lastKnownFileType = sourcecode.swift; path = BeginRunVC.swift; sourceTree = "<group>"; };
		8B803BC821669E40008DE8DA /* RunLogVC.swift */ = {isa = PBXFileReference; lastKnownFileType = sourcecode.swift; path = RunLogVC.swift; sourceTree = "<group>"; };
		8B803BCB21669E40008DE8DA /* Base */ = {isa = PBXFileReference; lastKnownFileType = file.storyboard; name = Base; path = Base.lproj/Main.storyboard; sourceTree = "<group>"; };
		8B803BCD21669E41008DE8DA /* Assets.xcassets */ = {isa = PBXFileReference; lastKnownFileType = folder.assetcatalog; path = Assets.xcassets; sourceTree = "<group>"; };
		8B803BD021669E41008DE8DA /* Base */ = {isa = PBXFileReference; lastKnownFileType = file.storyboard; name = Base; path = Base.lproj/LaunchScreen.storyboard; sourceTree = "<group>"; };
		8B803BD221669E41008DE8DA /* Info.plist */ = {isa = PBXFileReference; lastKnownFileType = text.plist.xml; path = Info.plist; sourceTree = "<group>"; };
/* End PBXFileReference section */

/* Begin PBXFrameworksBuildPhase section */
		8B803BBE21669E40008DE8DA /* Frameworks */ = {
			isa = PBXFrameworksBuildPhase;
			buildActionMask = 2147483647;
			files = (
			);
			runOnlyForDeploymentPostprocessing = 0;
		};
/* End PBXFrameworksBuildPhase section */

/* Begin PBXGroup section */
		8B803BB821669E40008DE8DA = {
			isa = PBXGroup;
			children = (
				8B803BC321669E40008DE8DA /* treads */,
				8B803BC221669E40008DE8DA /* Products */,
			);
			sourceTree = "<group>";
		};
		8B803BC221669E40008DE8DA /* Products */ = {
			isa = PBXGroup;
			children = (
				8B803BC121669E40008DE8DA /* treads.app */,
			);
			name = Products;
			sourceTree = "<group>";
		};
		8B803BC321669E40008DE8DA /* treads */ = {
			isa = PBXGroup;
			children = (
				8B803BDD21669FA3008DE8DA /* models */,
				8B803BDC21669F9D008DE8DA /* views */,
				8B803BDB21669F97008DE8DA /* controllers */,
				8B803BDA21669F8D008DE8DA /* utilities */,
				8B803BD921669F82008DE8DA /* extensions */,
				8B803BD821669F78008DE8DA /* resources */,
				8B803BC421669E40008DE8DA /* AppDelegate.swift */,
				8B803BCA21669E40008DE8DA /* Main.storyboard */,
				8B803BCD21669E41008DE8DA /* Assets.xcassets */,
				8B803BCF21669E41008DE8DA /* LaunchScreen.storyboard */,
				8B803BD221669E41008DE8DA /* Info.plist */,
			);
			path = treads;
			sourceTree = "<group>";
		};
		8B803BD821669F78008DE8DA /* resources */ = {
			isa = PBXGroup;
			children = (
			);
			path = resources;
			sourceTree = "<group>";
		};
		8B803BD921669F82008DE8DA /* extensions */ = {
			isa = PBXGroup;
			children = (
				8B611DC9217545A90067B4E5 /* Extensions.swift */,
			);
			path = extensions;
			sourceTree = "<group>";
		};
		8B803BDA21669F8D008DE8DA /* utilities */ = {
			isa = PBXGroup;
			children = (
			);
			path = utilities;
			sourceTree = "<group>";
		};
		8B803BDB21669F97008DE8DA /* controllers */ = {
			isa = PBXGroup;
			children = (
				8B7051DC216E5C5300EF4AD6 /* LocationVC.swift */,
				8B803BC621669E40008DE8DA /* BeginRunVC.swift */,
				8B803BC821669E40008DE8DA /* RunLogVC.swift */,
				8B7051DE216E604500EF4AD6 /* CurrentRunVC.swift */,
			);
			path = controllers;
			sourceTree = "<group>";
		};
		8B803BDC21669F9D008DE8DA /* views */ = {
			isa = PBXGroup;
			children = (
			);
			path = views;
			sourceTree = "<group>";
		};
		8B803BDD21669FA3008DE8DA /* models */ = {
			isa = PBXGroup;
			children = (
			);
			path = models;
			sourceTree = "<group>";
		};
/* End PBXGroup section */

/* Begin PBXNativeTarget section */
		8B803BC021669E40008DE8DA /* treads */ = {
			isa = PBXNativeTarget;
			buildConfigurationList = 8B803BD521669E41008DE8DA /* Build configuration list for PBXNativeTarget "treads" */;
			buildPhases = (
				8B803BBD21669E40008DE8DA /* Sources */,
				8B803BBE21669E40008DE8DA /* Frameworks */,
				8B803BBF21669E40008DE8DA /* Resources */,
			);
			buildRules = (
			);
			dependencies = (
			);
			name = treads;
			productName = treads;
			productReference = 8B803BC121669E40008DE8DA /* treads.app */;
			productType = "com.apple.product-type.application";
		};
/* End PBXNativeTarget section */

/* Begin PBXProject section */
		8B803BB921669E40008DE8DA /* Project object */ = {
			isa = PBXProject;
			attributes = {
				LastSwiftUpdateCheck = 1000;
				LastUpgradeCheck = 1000;
				ORGANIZATIONNAME = "Andre Burgoyne";
				TargetAttributes = {
					8B803BC021669E40008DE8DA = {
						CreatedOnToolsVersion = 10.0;
					};
				};
			};
			buildConfigurationList = 8B803BBC21669E40008DE8DA /* Build configuration list for PBXProject "treads" */;
			compatibilityVersion = "Xcode 9.3";
			developmentRegion = en;
			hasScannedForEncodings = 0;
			knownRegions = (
				en,
				Base,
			);
			mainGroup = 8B803BB821669E40008DE8DA;
			productRefGroup = 8B803BC221669E40008DE8DA /* Products */;
			projectDirPath = "";
			projectRoot = "";
			targets = (
				8B803BC021669E40008DE8DA /* treads */,
			);
		};
/* End PBXProject section */

/* Begin PBXResourcesBuildPhase section */
		8B803BBF21669E40008DE8DA /* Resources */ = {
			isa = PBXResourcesBuildPhase;
			buildActionMask = 2147483647;
			files = (
				8B803BD121669E41008DE8DA /* LaunchScreen.storyboard in Resources */,
				8B803BCE21669E41008DE8DA /* Assets.xcassets in Resources */,
				8B803BCC21669E40008DE8DA /* Main.storyboard in Resources */,
			);
			runOnlyForDeploymentPostprocessing = 0;
		};
/* End PBXResourcesBuildPhase section */

/* Begin PBXSourcesBuildPhase section */
		8B803BBD21669E40008DE8DA /* Sources */ = {
			isa = PBXSourcesBuildPhase;
			buildActionMask = 2147483647;
			files = (
				8B7051DF216E604500EF4AD6 /* CurrentRunVC.swift in Sources */,
				8B611DCA217545AA0067B4E5 /* Extensions.swift in Sources */,
				8B803BC921669E40008DE8DA /* RunLogVC.swift in Sources */,
				8B7051DD216E5C5300EF4AD6 /* LocationVC.swift in Sources */,
				8B803BC521669E40008DE8DA /* AppDelegate.swift in Sources */,
				8B803BC721669E40008DE8DA /* BeginRunVC.swift in Sources */,
			);
			runOnlyForDeploymentPostprocessing = 0;
		};
/* End PBXSourcesBuildPhase section */

/* Begin PBXVariantGroup section */
		8B803BCA21669E40008DE8DA /* Main.storyboard */ = {
			isa = PBXVariantGroup;
			children = (
				8B803BCB21669E40008DE8DA /* Base */,
			);
			name = Main.storyboard;
			sourceTree = "<group>";
		};
		8B803BCF21669E41008DE8DA /* LaunchScreen.storyboard */ = {
			isa = PBXVariantGroup;
			children = (
				8B803BD021669E41008DE8DA /* Base */,
			);
			name = LaunchScreen.storyboard;
			sourceTree = "<group>";
		};
/* End PBXVariantGroup section */

/* Begin XCBuildConfiguration section */
		8B803BD321669E41008DE8DA /* Debug */ = {
			isa = XCBuildConfiguration;
			buildSettings = {
				ALWAYS_SEARCH_USER_PATHS = NO;
				CLANG_ANALYZER_NONNULL = YES;
				CLANG_ANALYZER_NUMBER_OBJECT_CONVERSION = YES_AGGRESSIVE;
				CLANG_CXX_LANGUAGE_STANDARD = "gnu++14";
				CLANG_CXX_LIBRARY = "libc++";
				CLANG_ENABLE_MODULES = YES;
				CLANG_ENABLE_OBJC_ARC = YES;
				CLANG_ENABLE_OBJC_WEAK = YES;
				CLANG_WARN_BLOCK_CAPTURE_AUTORELEASING = YES;
				CLANG_WARN_BOOL_CONVERSION = YES;
				CLANG_WARN_COMMA = YES;
				CLANG_WARN_CONSTANT_CONVERSION = YES;
				CLANG_WARN_DEPRECATED_OBJC_IMPLEMENTATIONS = YES;
				CLANG_WARN_DIRECT_OBJC_ISA_USAGE = YES_ERROR;
				CLANG_WARN_DOCUMENTATION_COMMENTS = YES;
				CLANG_WARN_EMPTY_BODY = YES;
				CLANG_WARN_ENUM_CONVERSION = YES;
				CLANG_WARN_INFINITE_RECURSION = YES;
				CLANG_WARN_INT_CONVERSION = YES;
				CLANG_WARN_NON_LITERAL_NULL_CONVERSION = YES;
				CLANG_WARN_OBJC_IMPLICIT_RETAIN_SELF = YES;
				CLANG_WARN_OBJC_LITERAL_CONVERSION = YES;
				CLANG_WARN_OBJC_ROOT_CLASS = YES_ERROR;
				CLANG_WARN_RANGE_LOOP_ANALYSIS = YES;
				CLANG_WARN_STRICT_PROTOTYPES = YES;
				CLANG_WARN_SUSPICIOUS_MOVE = YES;
				CLANG_WARN_UNGUARDED_AVAILABILITY = YES_AGGRESSIVE;
				CLANG_WARN_UNREACHABLE_CODE = YES;
				CLANG_WARN__DUPLICATE_METHOD_MATCH = YES;
				CODE_SIGN_IDENTITY = "iPhone Developer";
				COPY_PHASE_STRIP = NO;
				DEBUG_INFORMATION_FORMAT = dwarf;
				ENABLE_STRICT_OBJC_MSGSEND = YES;
				ENABLE_TESTABILITY = YES;
				GCC_C_LANGUAGE_STANDARD = gnu11;
				GCC_DYNAMIC_NO_PIC = NO;
				GCC_NO_COMMON_BLOCKS = YES;
				GCC_OPTIMIZATION_LEVEL = 0;
				GCC_PREPROCESSOR_DEFINITIONS = (
					"DEBUG=1",
					"$(inherited)",
				);
				GCC_WARN_64_TO_32_BIT_CONVERSION = YES;
				GCC_WARN_ABOUT_RETURN_TYPE = YES_ERROR;
				GCC_WARN_UNDECLARED_SELECTOR = YES;
				GCC_WARN_UNINITIALIZED_AUTOS = YES_AGGRESSIVE;
				GCC_WARN_UNUSED_FUNCTION = YES;
				GCC_WARN_UNUSED_VARIABLE = YES;
				IPHONEOS_DEPLOYMENT_TARGET = 12.0;
				MTL_ENABLE_DEBUG_INFO = INCLUDE_SOURCE;
				MTL_FAST_MATH = YES;
				ONLY_ACTIVE_ARCH = YES;
				SDKROOT = iphoneos;
				SWIFT_ACTIVE_COMPILATION_CONDITIONS = DEBUG;
				SWIFT_OPTIMIZATION_LEVEL = "-Onone";
			};
			name = Debug;
		};
		8B803BD421669E41008DE8DA /* Release */ = {
			isa = XCBuildConfiguration;
			buildSettings = {
				ALWAYS_SEARCH_USER_PATHS = NO;
				CLANG_ANALYZER_NONNULL = YES;
				CLANG_ANALYZER_NUMBER_OBJECT_CONVERSION = YES_AGGRESSIVE;
				CLANG_CXX_LANGUAGE_STANDARD = "gnu++14";
				CLANG_CXX_LIBRARY = "libc++";
				CLANG_ENABLE_MODULES = YES;
				CLANG_ENABLE_OBJC_ARC = YES;
				CLANG_ENABLE_OBJC_WEAK = YES;
				CLANG_WARN_BLOCK_CAPTURE_AUTORELEASING = YES;
				CLANG_WARN_BOOL_CONVERSION = YES;
				CLANG_WARN_COMMA = YES;
				CLANG_WARN_CONSTANT_CONVERSION = YES;
				CLANG_WARN_DEPRECATED_OBJC_IMPLEMENTATIONS = YES;
				CLANG_WARN_DIRECT_OBJC_ISA_USAGE = YES_ERROR;
				CLANG_WARN_DOCUMENTATION_COMMENTS = YES;
				CLANG_WARN_EMPTY_BODY = YES;
				CLANG_WARN_ENUM_CONVERSION = YES;
				CLANG_WARN_INFINITE_RECURSION = YES;
				CLANG_WARN_INT_CONVERSION = YES;
				CLANG_WARN_NON_LITERAL_NULL_CONVERSION = YES;
				CLANG_WARN_OBJC_IMPLICIT_RETAIN_SELF = YES;
				CLANG_WARN_OBJC_LITERAL_CONVERSION = YES;
				CLANG_WARN_OBJC_ROOT_CLASS = YES_ERROR;
				CLANG_WARN_RANGE_LOOP_ANALYSIS = YES;
				CLANG_WARN_STRICT_PROTOTYPES = YES;
				CLANG_WARN_SUSPICIOUS_MOVE = YES;
				CLANG_WARN_UNGUARDED_AVAILABILITY = YES_AGGRESSIVE;
				CLANG_WARN_UNREACHABLE_CODE = YES;
				CLANG_WARN__DUPLICATE_METHOD_MATCH = YES;
				CODE_SIGN_IDENTITY = "iPhone Developer";
				COPY_PHASE_STRIP = NO;
				DEBUG_INFORMATION_FORMAT = "dwarf-with-dsym";
				ENABLE_NS_ASSERTIONS = NO;
				ENABLE_STRICT_OBJC_MSGSEND = YES;
				GCC_C_LANGUAGE_STANDARD = gnu11;
				GCC_NO_COMMON_BLOCKS = YES;
				GCC_WARN_64_TO_32_BIT_CONVERSION = YES;
				GCC_WARN_ABOUT_RETURN_TYPE = YES_ERROR;
				GCC_WARN_UNDECLARED_SELECTOR = YES;
				GCC_WARN_UNINITIALIZED_AUTOS = YES_AGGRESSIVE;
				GCC_WARN_UNUSED_FUNCTION = YES;
				GCC_WARN_UNUSED_VARIABLE = YES;
				IPHONEOS_DEPLOYMENT_TARGET = 12.0;
				MTL_ENABLE_DEBUG_INFO = NO;
				MTL_FAST_MATH = YES;
				SDKROOT = iphoneos;
				SWIFT_COMPILATION_MODE = wholemodule;
				SWIFT_OPTIMIZATION_LEVEL = "-O";
				VALIDATE_PRODUCT = YES;
			};
			name = Release;
		};
		8B803BD621669E41008DE8DA /* Debug */ = {
			isa = XCBuildConfiguration;
			buildSettings = {
				ASSETCATALOG_COMPILER_APPICON_NAME = AppIcon;
				CODE_SIGN_STYLE = Automatic;
				DEVELOPMENT_TEAM = 7RCYP48HQ2;
				INFOPLIST_FILE = treads/Info.plist;
				LD_RUNPATH_SEARCH_PATHS = (
					"$(inherited)",
					"@executable_path/Frameworks",
				);
				PRODUCT_BUNDLE_IDENTIFIER = com.atburgoyne.treads;
				PRODUCT_NAME = "$(TARGET_NAME)";
				SWIFT_VERSION = 4.2;
				TARGETED_DEVICE_FAMILY = "1,2";
			};
			name = Debug;
		};
		8B803BD721669E41008DE8DA /* Release */ = {
			isa = XCBuildConfiguration;
			buildSettings = {
				ASSETCATALOG_COMPILER_APPICON_NAME = AppIcon;
				CODE_SIGN_STYLE = Automatic;
				DEVELOPMENT_TEAM = 7RCYP48HQ2;
				INFOPLIST_FILE = treads/Info.plist;
				LD_RUNPATH_SEARCH_PATHS = (
					"$(inherited)",
					"@executable_path/Frameworks",
				);
				PRODUCT_BUNDLE_IDENTIFIER = com.atburgoyne.treads;
				PRODUCT_NAME = "$(TARGET_NAME)";
				SWIFT_VERSION = 4.2;
				TARGETED_DEVICE_FAMILY = "1,2";
			};
			name = Release;
		};
/* End XCBuildConfiguration section */

/* Begin XCConfigurationList section */
		8B803BBC21669E40008DE8DA /* Build configuration list for PBXProject "treads" */ = {
			isa = XCConfigurationList;
			buildConfigurations = (
				8B803BD321669E41008DE8DA /* Debug */,
				8B803BD421669E41008DE8DA /* Release */,
			);
			defaultConfigurationIsVisible = 0;
			defaultConfigurationName = Release;
		};
		8B803BD521669E41008DE8DA /* Build configuration list for PBXNativeTarget "treads" */ = {
			isa = XCConfigurationList;
			buildConfigurations = (
				8B803BD621669E41008DE8DA /* Debug */,
				8B803BD721669E41008DE8DA /* Release */,
			);
			defaultConfigurationIsVisible = 0;
			defaultConfigurationName = Release;
		};
/* End XCConfigurationList section */
	};
	rootObject = 8B803BB921669E40008DE8DA /* Project object */;
}
